
Microsoft Visual Studio Solution File, Format Version 12.00
# Visual Studio Version 17
VisualStudioVersion = 17.14.36414.22
MinimumVisualStudioVersion = 10.0.40219.1
Project("{2150E333-8FDC-42A3-9474-1A3956D46DE8}") = "Task0", "Task0", "{02EA681E-C7D8-13C7-8484-4AC65E1B71E8}"
EndProject
Project("{FAE04EC0-301F-11D3-BF4B-00C04F79EFBC}") = "Tyuiu.ZakachurinIE.Sprint6.Task0.V17", "Tyuiu.ZakachurinIE.Sprint6.Task0.V17\Tyuiu.ZakachurinIE.Sprint6.Task0.V17.csproj", "{112806AF-0FB0-4C5D-874E-773DE63A3EC0}"
EndProject
Project("{FAE04EC0-301F-11D3-BF4B-00C04F79EFBC}") = "Tyuiu.ZakachurinIE.Sprint6.Task0.V17.Test", "Tyuiu.ZakachurinIE.Sprint6.Task0.V17.Test\Tyuiu.ZakachurinIE.Sprint6.Task0.V17.Test.csproj", "{7D2F516E-9AD7-4849-BDC0-2985CBB8D50F}"
EndProject
Project("{FAE04EC0-301F-11D3-BF4B-00C04F79EFBC}") = "Tyuiu.ZakachurinIE.Sprint6.Task0.V17.Lib", "Tyuiu.ZakachurinIE.Sprint6.Task0.V17.Lib\Tyuiu.ZakachurinIE.Sprint6.Task0.V17.Lib.csproj", "{0E43FEC2-BEE9-4C49-9022-4C9D5AF82BDA}"
EndProject
Project("{2150E333-8FDC-42A3-9474-1A3956D46DE8}") = "Task1", "Task1", "{C638FE14-C293-4B8B-AA20-B1572F2032B8}"
EndProject
Project("{FAE04EC0-301F-11D3-BF4B-00C04F79EFBC}") = "Tyuiu.ZakachurinIE.Sprint6.Task1.V5", "Tyuiu.ZakachurinIE.Sprint6.Task1.V5\Tyuiu.ZakachurinIE.Sprint6.Task1.V5.csproj", "{21A4BB8F-A278-47EE-A3F0-FDCA9F0CDFAF}"
EndProject
Project("{FAE04EC0-301F-11D3-BF4B-00C04F79EFBC}") = "Tyuiu.ZakachurinIE.Sprint6.Task1.V5.Lib", "Tyuiu.ZakachurinIE.Sprint6.Task1.V5.Lib\Tyuiu.ZakachurinIE.Sprint6.Task1.V5.Lib.csproj", "{B0E13C48-B1D1-4840-A504-D8D95F02F620}"
EndProject
Project("{FAE04EC0-301F-11D3-BF4B-00C04F79EFBC}") = "Tyuiu.ZakachurinIE.Sprint6.Task1.V5.Test", "Tyuiu.ZakachurinIE.Sprint6.Task1.V5.Test\Tyuiu.ZakachurinIE.Sprint6.Task1.V5.Test.csproj", "{D26D75A6-049F-4EE0-AD77-2682F4C6593E}"
EndProject
Project("{2150E333-8FDC-42A3-9474-1A3956D46DE8}") = "Task2", "Task2", "{8A3D72B6-9557-4901-9407-41B3F44DEA2C}"
EndProject
Project("{FAE04EC0-301F-11D3-BF4B-00C04F79EFBC}") = "Tyuiu.ZakachurinIE.Sprint6.Task2.V4", "Tyuiu.ZakachurinIE.Sprint6.Task2.V4\Tyuiu.ZakachurinIE.Sprint6.Task2.V4.csproj", "{4A5029A0-87E1-48F7-B0DA-37B5AAB6FBE1}"
EndProject
Project("{FAE04EC0-301F-11D3-BF4B-00C04F79EFBC}") = "Tyuiu.ZakachurinIE.Sprint6.Task2.V4.Lib", "Tyuiu.ZakachurinIE.Sprint6.Task2.V4.Lib\Tyuiu.ZakachurinIE.Sprint6.Task2.V4.Lib.csproj", "{60FAC8DF-39C5-41FD-B792-8847E8754641}"
EndProject
Project("{FAE04EC0-301F-11D3-BF4B-00C04F79EFBC}") = "Tyuiu.ZakachurinIE.Sprint6.Task2.V4.Test", "Tyuiu.ZakachurinIE.Sprint6.Task2.V4.Test\Tyuiu.ZakachurinIE.Sprint6.Task2.V4.Test.csproj", "{B6C04F83-8490-4CCF-BA39-2820A488C626}"
EndProject
Project("{2150E333-8FDC-42A3-9474-1A3956D46DE8}") = "Task3", "Task3", "{E96CF58E-C2AE-4502-8713-0278E5AA263D}"
EndProject
Project("{FAE04EC0-301F-11D3-BF4B-00C04F79EFBC}") = "Tyuiu.ZakachurinIE.Sprint6.Task3.V17", "Tyuiu.ZakachurinIE.Sprint6.Task3.V17\Tyuiu.ZakachurinIE.Sprint6.Task3.V17.csproj", "{9ECA632E-D339-4E3B-ADE4-9BB959758055}"
EndProject
Project("{FAE04EC0-301F-11D3-BF4B-00C04F79EFBC}") = "Tyuiu.ZakachurinIE.Sprint6.Task3.V17.Test", "Tyuiu.ZakachurinIE.Sprint6.Task3.V17.Test\Tyuiu.ZakachurinIE.Sprint6.Task3.V17.Test.csproj", "{504BEE05-E8D2-47B4-8636-09AB521B9195}"
EndProject
Project("{FAE04EC0-301F-11D3-BF4B-00C04F79EFBC}") = "Tyuiu.ZakachurinIE.Sprint6.Task3.V17.Lib", "Tyuiu.ZakachurinIE.Sprint6.Task3.V17.Lib\Tyuiu.ZakachurinIE.Sprint6.Task3.V17.Lib.csproj", "{579973CC-5C39-4E6D-8FA5-AF24FDB1208B}"
EndProject
Project("{2150E333-8FDC-42A3-9474-1A3956D46DE8}") = "Task4", "Task4", "{1B76B472-6D5E-4B27-809A-123AD0FA36A1}"
EndProject
Project("{FAE04EC0-301F-11D3-BF4B-00C04F79EFBC}") = "Tyuiu.ZakachurinIE.Sprint6.Task4.V2", "Tyuiu.ZakachurinIE.Sprint6.Task4.V2\Tyuiu.ZakachurinIE.Sprint6.Task4.V2.csproj", "{336683C4-ECC2-4F94-A92A-A4B569665240}"
EndProject
Project("{FAE04EC0-301F-11D3-BF4B-00C04F79EFBC}") = "Tyuiu.ZakachurinIE.Sprint6.Task4.V2.Lib", "Tyuiu.ZakachurinIE.Sprint6.Task4.V2.Lib\Tyuiu.ZakachurinIE.Sprint6.Task4.V2.Lib.csproj", "{75369B27-E3D9-4252-BE57-AC8CEBE495CA}"
EndProject
Project("{FAE04EC0-301F-11D3-BF4B-00C04F79EFBC}") = "Tyuiu.ZakachurinIE.Sprint6.Task4.V2.Test", "Tyuiu.ZakachurinIE.Sprint6.Task4.V2.Test\Tyuiu.ZakachurinIE.Sprint6.Task4.V2.Test.csproj", "{4856646A-E993-4181-B157-EBDF4F2E1703}"
EndProject
Global
	GlobalSection(SolutionConfigurationPlatforms) = preSolution
		Debug|Any CPU = Debug|Any CPU
		Release|Any CPU = Release|Any CPU
	EndGlobalSection
	GlobalSection(ProjectConfigurationPlatforms) = postSolution
		{112806AF-0FB0-4C5D-874E-773DE63A3EC0}.Debug|Any CPU.ActiveCfg = Debug|Any CPU
		{112806AF-0FB0-4C5D-874E-773DE63A3EC0}.Debug|Any CPU.Build.0 = Debug|Any CPU
		{112806AF-0FB0-4C5D-874E-773DE63A3EC0}.Release|Any CPU.ActiveCfg = Release|Any CPU
		{112806AF-0FB0-4C5D-874E-773DE63A3EC0}.Release|Any CPU.Build.0 = Release|Any CPU
		{7D2F516E-9AD7-4849-BDC0-2985CBB8D50F}.Debug|Any CPU.ActiveCfg = Debug|Any CPU
		{7D2F516E-9AD7-4849-BDC0-2985CBB8D50F}.Debug|Any CPU.Build.0 = Debug|Any CPU
		{7D2F516E-9AD7-4849-BDC0-2985CBB8D50F}.Release|Any CPU.ActiveCfg = Release|Any CPU
		{7D2F516E-9AD7-4849-BDC0-2985CBB8D50F}.Release|Any CPU.Build.0 = Release|Any CPU
		{0E43FEC2-BEE9-4C49-9022-4C9D5AF82BDA}.Debug|Any CPU.ActiveCfg = Debug|Any CPU
		{0E43FEC2-BEE9-4C49-9022-4C9D5AF82BDA}.Debug|Any CPU.Build.0 = Debug|Any CPU
		{0E43FEC2-BEE9-4C49-9022-4C9D5AF82BDA}.Release|Any CPU.ActiveCfg = Release|Any CPU
		{0E43FEC2-BEE9-4C49-9022-4C9D5AF82BDA}.Release|Any CPU.Build.0 = Release|Any CPU
		{21A4BB8F-A278-47EE-A3F0-FDCA9F0CDFAF}.Debug|Any CPU.ActiveCfg = Debug|Any CPU
		{21A4BB8F-A278-47EE-A3F0-FDCA9F0CDFAF}.Debug|Any CPU.Build.0 = Debug|Any CPU
		{21A4BB8F-A278-47EE-A3F0-FDCA9F0CDFAF}.Release|Any CPU.ActiveCfg = Release|Any CPU
		{21A4BB8F-A278-47EE-A3F0-FDCA9F0CDFAF}.Release|Any CPU.Build.0 = Release|Any CPU
		{B0E13C48-B1D1-4840-A504-D8D95F02F620}.Debug|Any CPU.ActiveCfg = Debug|Any CPU
		{B0E13C48-B1D1-4840-A504-D8D95F02F620}.Debug|Any CPU.Build.0 = Debug|Any CPU
		{B0E13C48-B1D1-4840-A504-D8D95F02F620}.Release|Any CPU.ActiveCfg = Release|Any CPU
		{B0E13C48-B1D1-4840-A504-D8D95F02F620}.Release|Any CPU.Build.0 = Release|Any CPU
		{D26D75A6-049F-4EE0-AD77-2682F4C6593E}.Debug|Any CPU.ActiveCfg = Debug|Any CPU
		{D26D75A6-049F-4EE0-AD77-2682F4C6593E}.Debug|Any CPU.Build.0 = Debug|Any CPU
		{D26D75A6-049F-4EE0-AD77-2682F4C6593E}.Release|Any CPU.ActiveCfg = Release|Any CPU
		{D26D75A6-049F-4EE0-AD77-2682F4C6593E}.Release|Any CPU.Build.0 = Release|Any CPU
		{4A5029A0-87E1-48F7-B0DA-37B5AAB6FBE1}.Debug|Any CPU.ActiveCfg = Debug|Any CPU
		{4A5029A0-87E1-48F7-B0DA-37B5AAB6FBE1}.Debug|Any CPU.Build.0 = Debug|Any CPU
		{4A5029A0-87E1-48F7-B0DA-37B5AAB6FBE1}.Release|Any CPU.ActiveCfg = Release|Any CPU
		{4A5029A0-87E1-48F7-B0DA-37B5AAB6FBE1}.Release|Any CPU.Build.0 = Release|Any CPU
		{60FAC8DF-39C5-41FD-B792-8847E8754641}.Debug|Any CPU.ActiveCfg = Debug|Any CPU
		{60FAC8DF-39C5-41FD-B792-8847E8754641}.Debug|Any CPU.Build.0 = Debug|Any CPU
		{60FAC8DF-39C5-41FD-B792-8847E8754641}.Release|Any CPU.ActiveCfg = Release|Any CPU
		{60FAC8DF-39C5-41FD-B792-8847E8754641}.Release|Any CPU.Build.0 = Release|Any CPU
		{B6C04F83-8490-4CCF-BA39-2820A488C626}.Debug|Any CPU.ActiveCfg = Debug|Any CPU
		{B6C04F83-8490-4CCF-BA39-2820A488C626}.Debug|Any CPU.Build.0 = Debug|Any CPU
		{B6C04F83-8490-4CCF-BA39-2820A488C626}.Release|Any CPU.ActiveCfg = Release|Any CPU
		{B6C04F83-8490-4CCF-BA39-2820A488C626}.Release|Any CPU.Build.0 = Release|Any CPU
		{9ECA632E-D339-4E3B-ADE4-9BB959758055}.Debug|Any CPU.ActiveCfg = Debug|Any CPU
		{9ECA632E-D339-4E3B-ADE4-9BB959758055}.Debug|Any CPU.Build.0 = Debug|Any CPU
		{9ECA632E-D339-4E3B-ADE4-9BB959758055}.Release|Any CPU.ActiveCfg = Release|Any CPU
		{9ECA632E-D339-4E3B-ADE4-9BB959758055}.Release|Any CPU.Build.0 = Release|Any CPU
		{504BEE05-E8D2-47B4-8636-09AB521B9195}.Debug|Any CPU.ActiveCfg = Debug|Any CPU
		{504BEE05-E8D2-47B4-8636-09AB521B9195}.Debug|Any CPU.Build.0 = Debug|Any CPU
		{504BEE05-E8D2-47B4-8636-09AB521B9195}.Release|Any CPU.ActiveCfg = Release|Any CPU
		{504BEE05-E8D2-47B4-8636-09AB521B9195}.Release|Any CPU.Build.0 = Release|Any CPU
		{579973CC-5C39-4E6D-8FA5-AF24FDB1208B}.Debug|Any CPU.ActiveCfg = Debug|Any CPU
		{579973CC-5C39-4E6D-8FA5-AF24FDB1208B}.Debug|Any CPU.Build.0 = Debug|Any CPU
		{579973CC-5C39-4E6D-8FA5-AF24FDB1208B}.Release|Any CPU.ActiveCfg = Release|Any CPU
		{579973CC-5C39-4E6D-8FA5-AF24FDB1208B}.Release|Any CPU.Build.0 = Release|Any CPU
		{336683C4-ECC2-4F94-A92A-A4B569665240}.Debug|Any CPU.ActiveCfg = Debug|Any CPU
		{336683C4-ECC2-4F94-A92A-A4B569665240}.Debug|Any CPU.Build.0 = Debug|Any CPU
		{336683C4-ECC2-4F94-A92A-A4B569665240}.Release|Any CPU.ActiveCfg = Release|Any CPU
		{336683C4-ECC2-4F94-A92A-A4B569665240}.Release|Any CPU.Build.0 = Release|Any CPU
		{75369B27-E3D9-4252-BE57-AC8CEBE495CA}.Debug|Any CPU.ActiveCfg = Debug|Any CPU
		{75369B27-E3D9-4252-BE57-AC8CEBE495CA}.Debug|Any CPU.Build.0 = Debug|Any CPU
		{75369B27-E3D9-4252-BE57-AC8CEBE495CA}.Release|Any CPU.ActiveCfg = Release|Any CPU
		{75369B27-E3D9-4252-BE57-AC8CEBE495CA}.Release|Any CPU.Build.0 = Release|Any CPU
		{4856646A-E993-4181-B157-EBDF4F2E1703}.Debug|Any CPU.ActiveCfg = Debug|Any CPU
		{4856646A-E993-4181-B157-EBDF4F2E1703}.Debug|Any CPU.Build.0 = Debug|Any CPU
		{4856646A-E993-4181-B157-EBDF4F2E1703}.Release|Any CPU.ActiveCfg = Release|Any CPU
		{4856646A-E993-4181-B157-EBDF4F2E1703}.Release|Any CPU.Build.0 = Release|Any CPU
	EndGlobalSection
	GlobalSection(SolutionProperties) = preSolution
		HideSolutionNode = FALSE
	EndGlobalSection
	GlobalSection(NestedProjects) = preSolution
		{112806AF-0FB0-4C5D-874E-773DE63A3EC0} = {02EA681E-C7D8-13C7-8484-4AC65E1B71E8}
		{7D2F516E-9AD7-4849-BDC0-2985CBB8D50F} = {02EA681E-C7D8-13C7-8484-4AC65E1B71E8}
		{0E43FEC2-BEE9-4C49-9022-4C9D5AF82BDA} = {02EA681E-C7D8-13C7-8484-4AC65E1B71E8}
		{21A4BB8F-A278-47EE-A3F0-FDCA9F0CDFAF} = {C638FE14-C293-4B8B-AA20-B1572F2032B8}
		{B0E13C48-B1D1-4840-A504-D8D95F02F620} = {C638FE14-C293-4B8B-AA20-B1572F2032B8}
		{D26D75A6-049F-4EE0-AD77-2682F4C6593E} = {C638FE14-C293-4B8B-AA20-B1572F2032B8}
		{4A5029A0-87E1-48F7-B0DA-37B5AAB6FBE1} = {8A3D72B6-9557-4901-9407-41B3F44DEA2C}
		{60FAC8DF-39C5-41FD-B792-8847E8754641} = {8A3D72B6-9557-4901-9407-41B3F44DEA2C}
		{B6C04F83-8490-4CCF-BA39-2820A488C626} = {8A3D72B6-9557-4901-9407-41B3F44DEA2C}
		{9ECA632E-D339-4E3B-ADE4-9BB959758055} = {E96CF58E-C2AE-4502-8713-0278E5AA263D}
		{504BEE05-E8D2-47B4-8636-09AB521B9195} = {E96CF58E-C2AE-4502-8713-0278E5AA263D}
		{579973CC-5C39-4E6D-8FA5-AF24FDB1208B} = {E96CF58E-C2AE-4502-8713-0278E5AA263D}
		{336683C4-ECC2-4F94-A92A-A4B569665240} = {1B76B472-6D5E-4B27-809A-123AD0FA36A1}
		{75369B27-E3D9-4252-BE57-AC8CEBE495CA} = {1B76B472-6D5E-4B27-809A-123AD0FA36A1}
		{4856646A-E993-4181-B157-EBDF4F2E1703} = {1B76B472-6D5E-4B27-809A-123AD0FA36A1}
	EndGlobalSection
	GlobalSection(ExtensibilityGlobals) = postSolution
		SolutionGuid = {C0D3115C-83F8-46B7-87A2-9C40F9515B15}
	EndGlobalSection
EndGlobal
